
Microsoft Visual Studio Solution File, Format Version 12.00
# Visual Studio Version 17
VisualStudioVersion = 17.1.31903.286
MinimumVisualStudioVersion = 10.0.40219.1
Project("{9A19103F-16F7-4668-BE54-9A1E7A4F7556}") = "AdoNetApiTest", "src\AdoNetApiTest\AdoNetApiTest.csproj", "{D043AFD3-3834-4710-8C45-05586DFA1478}"
EndProject
Project("{9A19103F-16F7-4668-BE54-9A1E7A4F7556}") = "AdoNet.Specification.Tests", "src\AdoNet.Specification.Tests\AdoNet.Specification.Tests.csproj", "{94DDCAB9-4634-4352-8874-AE716B30124D}"
EndProject
Project("{9A19103F-16F7-4668-BE54-9A1E7A4F7556}") = "MySqlConnector.Tests", "tests\MySqlConnector.Tests\MySqlConnector.Tests.csproj", "{76515D51-B60B-4584-A9AA-7ED969736501}"
EndProject
Project("{9A19103F-16F7-4668-BE54-9A1E7A4F7556}") = "SqlClient.Tests", "tests\SqlClient.Tests\SqlClient.Tests.csproj", "{454AE224-F846-42B1-A7CD-DCA0478F7C9A}"
EndProject
Project("{9A19103F-16F7-4668-BE54-9A1E7A4F7556}") = "DotConnectMySql.Tests", "tests\DotConnectMySql.Tests\DotConnectMySql.Tests.csproj", "{8A1DBA85-028C-481D-B1EA-BB9FAA0A5CAF}"
EndProject
Project("{9A19103F-16F7-4668-BE54-9A1E7A4F7556}") = "MySqlData.Tests", "tests\MySqlData.Tests\MySqlData.Tests.csproj", "{45E02ACF-225F-4C62-934B-009C4D97D1B5}"
EndProject
Project("{9A19103F-16F7-4668-BE54-9A1E7A4F7556}") = "SqlClientBcl.Tests", "tests\SqlClientBcl.Tests\SqlClientBcl.Tests.csproj", "{CA06481A-1109-4BCC-95F6-4ED3C1567F14}"
EndProject
Project("{9A19103F-16F7-4668-BE54-9A1E7A4F7556}") = "DotConnectPostgres.Tests", "tests\DotConnectPostgres.Tests\DotConnectPostgres.Tests.csproj", "{6E00B0B1-A2B0-4936-BDDC-0E1B53C96613}"
EndProject
Project("{9A19103F-16F7-4668-BE54-9A1E7A4F7556}") = "Sqlite.Tests", "tests\Sqlite.Tests\Sqlite.Tests.csproj", "{FF5CFA95-6A38-4E55-B5F7-71447AB56C51}"
EndProject
Project("{9A19103F-16F7-4668-BE54-9A1E7A4F7556}") = "MicrosoftSqlite.Tests", "tests\MicrosoftSqlite.Tests\MicrosoftSqlite.Tests.csproj", "{FE87F461-CF5E-4A1F-8967-D3A158F674A1}"
EndProject
Project("{9A19103F-16F7-4668-BE54-9A1E7A4F7556}") = "MySqlData8.Tests", "tests\MySqlData8.Tests\MySqlData8.Tests.csproj", "{D5201906-1566-42EA-885E-076AA2C18AF0}"
EndProject
Project("{9A19103F-16F7-4668-BE54-9A1E7A4F7556}") = "AdoNet.Databases", "src\AdoNet.Databases\AdoNet.Databases.csproj", "{72764D9F-37B6-48F4-8510-4E37164E5EE1}"
EndProject
Project("{9A19103F-16F7-4668-BE54-9A1E7A4F7556}") = "MicrosoftSqlite5.Tests", "tests\MicrosoftSqlite5.Tests\MicrosoftSqlite5.Tests.csproj", "{552A65C9-12BD-4D0B-846D-839913B3EC8D}"
EndProject
Project("{9A19103F-16F7-4668-BE54-9A1E7A4F7556}") = "Npgsql5.Tests", "tests\Npgsql5.Tests\Npgsql5.Tests.csproj", "{827DD0A8-D9B2-4C17-9F25-0A8927538E89}"
EndProject
Project("{9A19103F-16F7-4668-BE54-9A1E7A4F7556}") = "Npgsql4.Tests", "tests\Npgsql4.Tests\Npgsql4.Tests.csproj", "{220994E2-8263-4728-9B7B-BC7E1DE1265C}"
EndProject
Project("{9A19103F-16F7-4668-BE54-9A1E7A4F7556}") = "MicrosoftSqlClient5.Tests", "tests\MicrosoftSqlClient5.Tests\MicrosoftSqlClient5.Tests.csproj", "{E9F423D2-72CE-407E-B404-94423F4F4E91}"
EndProject
Project("{9A19103F-16F7-4668-BE54-9A1E7A4F7556}") = "MicrosoftSqlClient2.Tests", "tests\MicrosoftSqlClient2.Tests\MicrosoftSqlClient2.Tests.csproj", "{53710A2D-EA5B-4C4D-9E71-11C5F8326DBC}"
EndProject
Project("{9A19103F-16F7-4668-BE54-9A1E7A4F7556}") = "FaithlifeSqlite.Tests", "tests\FaithlifeSqlite.Tests\FaithlifeSqlite.Tests.csproj", "{9A5B7D2E-55D6-4053-94D6-BB83CF313276}"
EndProject
Project("{9A19103F-16F7-4668-BE54-9A1E7A4F7556}") = "MicrosoftSqlClient3.Tests", "tests\MicrosoftSqlClient3.Tests\MicrosoftSqlClient3.Tests.csproj", "{CA0F1D91-B432-40BD-A2A2-A840A63B954C}"
EndProject
Project("{9A19103F-16F7-4668-BE54-9A1E7A4F7556}") = "Npgsql6.Tests", "tests\Npgsql6.Tests\Npgsql6.Tests.csproj", "{AEF85E25-B126-48A7-97D4-774D39349327}"
EndProject
Project("{9A19103F-16F7-4668-BE54-9A1E7A4F7556}") = "MicrosoftSqlite6.Tests", "tests\MicrosoftSqlite6.Tests\MicrosoftSqlite6.Tests.csproj", "{9FB36AAD-59CF-4DBC-A3A9-42BFF3507E9A}"
EndProject
Project("{9A19103F-16F7-4668-BE54-9A1E7A4F7556}") = "MicrosoftSqlClient4.Tests", "tests\MicrosoftSqlClient4.Tests\MicrosoftSqlClient4.Tests.csproj", "{35CA13FA-B483-42FB-8759-ECD18196E890}"
EndProject
Project("{9A19103F-16F7-4668-BE54-9A1E7A4F7556}") = "MicrosoftSqlite7.Tests", "tests\MicrosoftSqlite7.Tests\MicrosoftSqlite7.Tests.csproj", "{F3C88899-1392-4EB3-94AC-9C1B00F4B545}"
EndProject
Project("{9A19103F-16F7-4668-BE54-9A1E7A4F7556}") = "Npgsql7.Tests", "tests\Npgsql7.Tests\Npgsql7.Tests.csproj", "{2DEADF63-7268-41E8-BFB5-F28DD8F9AEAC}"
EndProject
Global
	GlobalSection(SolutionConfigurationPlatforms) = preSolution
		Debug|Any CPU = Debug|Any CPU
		Release|Any CPU = Release|Any CPU
	EndGlobalSection
	GlobalSection(ProjectConfigurationPlatforms) = postSolution
		{D043AFD3-3834-4710-8C45-05586DFA1478}.Debug|Any CPU.ActiveCfg = Debug|Any CPU
		{D043AFD3-3834-4710-8C45-05586DFA1478}.Debug|Any CPU.Build.0 = Debug|Any CPU
		{D043AFD3-3834-4710-8C45-05586DFA1478}.Release|Any CPU.ActiveCfg = Release|Any CPU
		{D043AFD3-3834-4710-8C45-05586DFA1478}.Release|Any CPU.Build.0 = Release|Any CPU
		{94DDCAB9-4634-4352-8874-AE716B30124D}.Debug|Any CPU.ActiveCfg = Debug|Any CPU
		{94DDCAB9-4634-4352-8874-AE716B30124D}.Debug|Any CPU.Build.0 = Debug|Any CPU
		{94DDCAB9-4634-4352-8874-AE716B30124D}.Release|Any CPU.ActiveCfg = Release|Any CPU
		{94DDCAB9-4634-4352-8874-AE716B30124D}.Release|Any CPU.Build.0 = Release|Any CPU
		{76515D51-B60B-4584-A9AA-7ED969736501}.Debug|Any CPU.ActiveCfg = Debug|Any CPU
		{76515D51-B60B-4584-A9AA-7ED969736501}.Debug|Any CPU.Build.0 = Debug|Any CPU
		{76515D51-B60B-4584-A9AA-7ED969736501}.Release|Any CPU.ActiveCfg = Release|Any CPU
		{76515D51-B60B-4584-A9AA-7ED969736501}.Release|Any CPU.Build.0 = Release|Any CPU
		{454AE224-F846-42B1-A7CD-DCA0478F7C9A}.Debug|Any CPU.ActiveCfg = Debug|Any CPU
		{454AE224-F846-42B1-A7CD-DCA0478F7C9A}.Debug|Any CPU.Build.0 = Debug|Any CPU
		{454AE224-F846-42B1-A7CD-DCA0478F7C9A}.Release|Any CPU.ActiveCfg = Release|Any CPU
		{454AE224-F846-42B1-A7CD-DCA0478F7C9A}.Release|Any CPU.Build.0 = Release|Any CPU
		{8A1DBA85-028C-481D-B1EA-BB9FAA0A5CAF}.Debug|Any CPU.ActiveCfg = Debug|Any CPU
		{8A1DBA85-028C-481D-B1EA-BB9FAA0A5CAF}.Debug|Any CPU.Build.0 = Debug|Any CPU
		{8A1DBA85-028C-481D-B1EA-BB9FAA0A5CAF}.Release|Any CPU.ActiveCfg = Release|Any CPU
		{8A1DBA85-028C-481D-B1EA-BB9FAA0A5CAF}.Release|Any CPU.Build.0 = Release|Any CPU
		{45E02ACF-225F-4C62-934B-009C4D97D1B5}.Debug|Any CPU.ActiveCfg = Debug|Any CPU
		{45E02ACF-225F-4C62-934B-009C4D97D1B5}.Debug|Any CPU.Build.0 = Debug|Any CPU
		{45E02ACF-225F-4C62-934B-009C4D97D1B5}.Release|Any CPU.ActiveCfg = Release|Any CPU
		{45E02ACF-225F-4C62-934B-009C4D97D1B5}.Release|Any CPU.Build.0 = Release|Any CPU
		{CA06481A-1109-4BCC-95F6-4ED3C1567F14}.Debug|Any CPU.ActiveCfg = Debug|Any CPU
		{CA06481A-1109-4BCC-95F6-4ED3C1567F14}.Debug|Any CPU.Build.0 = Debug|Any CPU
		{CA06481A-1109-4BCC-95F6-4ED3C1567F14}.Release|Any CPU.ActiveCfg = Release|Any CPU
		{CA06481A-1109-4BCC-95F6-4ED3C1567F14}.Release|Any CPU.Build.0 = Release|Any CPU
		{6E00B0B1-A2B0-4936-BDDC-0E1B53C96613}.Debug|Any CPU.ActiveCfg = Debug|Any CPU
		{6E00B0B1-A2B0-4936-BDDC-0E1B53C96613}.Debug|Any CPU.Build.0 = Debug|Any CPU
		{6E00B0B1-A2B0-4936-BDDC-0E1B53C96613}.Release|Any CPU.ActiveCfg = Release|Any CPU
		{6E00B0B1-A2B0-4936-BDDC-0E1B53C96613}.Release|Any CPU.Build.0 = Release|Any CPU
		{FF5CFA95-6A38-4E55-B5F7-71447AB56C51}.Debug|Any CPU.ActiveCfg = Debug|Any CPU
		{FF5CFA95-6A38-4E55-B5F7-71447AB56C51}.Debug|Any CPU.Build.0 = Debug|Any CPU
		{FF5CFA95-6A38-4E55-B5F7-71447AB56C51}.Release|Any CPU.ActiveCfg = Release|Any CPU
		{FF5CFA95-6A38-4E55-B5F7-71447AB56C51}.Release|Any CPU.Build.0 = Release|Any CPU
		{FE87F461-CF5E-4A1F-8967-D3A158F674A1}.Debug|Any CPU.ActiveCfg = Debug|Any CPU
		{FE87F461-CF5E-4A1F-8967-D3A158F674A1}.Debug|Any CPU.Build.0 = Debug|Any CPU
		{FE87F461-CF5E-4A1F-8967-D3A158F674A1}.Release|Any CPU.ActiveCfg = Release|Any CPU
		{FE87F461-CF5E-4A1F-8967-D3A158F674A1}.Release|Any CPU.Build.0 = Release|Any CPU
		{D5201906-1566-42EA-885E-076AA2C18AF0}.Debug|Any CPU.ActiveCfg = Debug|Any CPU
		{D5201906-1566-42EA-885E-076AA2C18AF0}.Debug|Any CPU.Build.0 = Debug|Any CPU
		{D5201906-1566-42EA-885E-076AA2C18AF0}.Release|Any CPU.ActiveCfg = Release|Any CPU
		{D5201906-1566-42EA-885E-076AA2C18AF0}.Release|Any CPU.Build.0 = Release|Any CPU
		{72764D9F-37B6-48F4-8510-4E37164E5EE1}.Debug|Any CPU.ActiveCfg = Debug|Any CPU
		{72764D9F-37B6-48F4-8510-4E37164E5EE1}.Debug|Any CPU.Build.0 = Debug|Any CPU
		{72764D9F-37B6-48F4-8510-4E37164E5EE1}.Release|Any CPU.ActiveCfg = Release|Any CPU
		{72764D9F-37B6-48F4-8510-4E37164E5EE1}.Release|Any CPU.Build.0 = Release|Any CPU
		{552A65C9-12BD-4D0B-846D-839913B3EC8D}.Debug|Any CPU.ActiveCfg = Debug|Any CPU
		{552A65C9-12BD-4D0B-846D-839913B3EC8D}.Debug|Any CPU.Build.0 = Debug|Any CPU
		{552A65C9-12BD-4D0B-846D-839913B3EC8D}.Release|Any CPU.ActiveCfg = Release|Any CPU
		{552A65C9-12BD-4D0B-846D-839913B3EC8D}.Release|Any CPU.Build.0 = Release|Any CPU
		{827DD0A8-D9B2-4C17-9F25-0A8927538E89}.Debug|Any CPU.ActiveCfg = Debug|Any CPU
		{827DD0A8-D9B2-4C17-9F25-0A8927538E89}.Debug|Any CPU.Build.0 = Debug|Any CPU
		{827DD0A8-D9B2-4C17-9F25-0A8927538E89}.Release|Any CPU.ActiveCfg = Release|Any CPU
		{827DD0A8-D9B2-4C17-9F25-0A8927538E89}.Release|Any CPU.Build.0 = Release|Any CPU
		{220994E2-8263-4728-9B7B-BC7E1DE1265C}.Debug|Any CPU.ActiveCfg = Debug|Any CPU
		{220994E2-8263-4728-9B7B-BC7E1DE1265C}.Debug|Any CPU.Build.0 = Debug|Any CPU
		{220994E2-8263-4728-9B7B-BC7E1DE1265C}.Release|Any CPU.ActiveCfg = Release|Any CPU
		{220994E2-8263-4728-9B7B-BC7E1DE1265C}.Release|Any CPU.Build.0 = Release|Any CPU
		{E9F423D2-72CE-407E-B404-94423F4F4E91}.Debug|Any CPU.ActiveCfg = Debug|Any CPU
		{E9F423D2-72CE-407E-B404-94423F4F4E91}.Debug|Any CPU.Build.0 = Debug|Any CPU
		{E9F423D2-72CE-407E-B404-94423F4F4E91}.Release|Any CPU.ActiveCfg = Release|Any CPU
		{E9F423D2-72CE-407E-B404-94423F4F4E91}.Release|Any CPU.Build.0 = Release|Any CPU
		{53710A2D-EA5B-4C4D-9E71-11C5F8326DBC}.Debug|Any CPU.ActiveCfg = Debug|Any CPU
		{53710A2D-EA5B-4C4D-9E71-11C5F8326DBC}.Debug|Any CPU.Build.0 = Debug|Any CPU
		{53710A2D-EA5B-4C4D-9E71-11C5F8326DBC}.Release|Any CPU.ActiveCfg = Release|Any CPU
		{53710A2D-EA5B-4C4D-9E71-11C5F8326DBC}.Release|Any CPU.Build.0 = Release|Any CPU
		{9A5B7D2E-55D6-4053-94D6-BB83CF313276}.Debug|Any CPU.ActiveCfg = Debug|Any CPU
		{9A5B7D2E-55D6-4053-94D6-BB83CF313276}.Debug|Any CPU.Build.0 = Debug|Any CPU
		{9A5B7D2E-55D6-4053-94D6-BB83CF313276}.Release|Any CPU.ActiveCfg = Release|Any CPU
		{9A5B7D2E-55D6-4053-94D6-BB83CF313276}.Release|Any CPU.Build.0 = Release|Any CPU
		{CA0F1D91-B432-40BD-A2A2-A840A63B954C}.Debug|Any CPU.ActiveCfg = Debug|Any CPU
		{CA0F1D91-B432-40BD-A2A2-A840A63B954C}.Debug|Any CPU.Build.0 = Debug|Any CPU
		{CA0F1D91-B432-40BD-A2A2-A840A63B954C}.Release|Any CPU.ActiveCfg = Release|Any CPU
		{CA0F1D91-B432-40BD-A2A2-A840A63B954C}.Release|Any CPU.Build.0 = Release|Any CPU
		{AEF85E25-B126-48A7-97D4-774D39349327}.Debug|Any CPU.ActiveCfg = Debug|Any CPU
		{AEF85E25-B126-48A7-97D4-774D39349327}.Debug|Any CPU.Build.0 = Debug|Any CPU
		{AEF85E25-B126-48A7-97D4-774D39349327}.Release|Any CPU.ActiveCfg = Release|Any CPU
		{AEF85E25-B126-48A7-97D4-774D39349327}.Release|Any CPU.Build.0 = Release|Any CPU
		{9FB36AAD-59CF-4DBC-A3A9-42BFF3507E9A}.Debug|Any CPU.ActiveCfg = Debug|Any CPU
		{9FB36AAD-59CF-4DBC-A3A9-42BFF3507E9A}.Debug|Any CPU.Build.0 = Debug|Any CPU
		{9FB36AAD-59CF-4DBC-A3A9-42BFF3507E9A}.Release|Any CPU.ActiveCfg = Release|Any CPU
		{9FB36AAD-59CF-4DBC-A3A9-42BFF3507E9A}.Release|Any CPU.Build.0 = Release|Any CPU
		{35CA13FA-B483-42FB-8759-ECD18196E890}.Debug|Any CPU.ActiveCfg = Debug|Any CPU
		{35CA13FA-B483-42FB-8759-ECD18196E890}.Debug|Any CPU.Build.0 = Debug|Any CPU
		{35CA13FA-B483-42FB-8759-ECD18196E890}.Release|Any CPU.ActiveCfg = Release|Any CPU
		{35CA13FA-B483-42FB-8759-ECD18196E890}.Release|Any CPU.Build.0 = Release|Any CPU
		{F3C88899-1392-4EB3-94AC-9C1B00F4B545}.Debug|Any CPU.ActiveCfg = Debug|Any CPU
		{F3C88899-1392-4EB3-94AC-9C1B00F4B545}.Debug|Any CPU.Build.0 = Debug|Any CPU
		{F3C88899-1392-4EB3-94AC-9C1B00F4B545}.Release|Any CPU.ActiveCfg = Release|Any CPU
		{F3C88899-1392-4EB3-94AC-9C1B00F4B545}.Release|Any CPU.Build.0 = Release|Any CPU
		{2DEADF63-7268-41E8-BFB5-F28DD8F9AEAC}.Debug|Any CPU.ActiveCfg = Debug|Any CPU
		{2DEADF63-7268-41E8-BFB5-F28DD8F9AEAC}.Debug|Any CPU.Build.0 = Debug|Any CPU
		{2DEADF63-7268-41E8-BFB5-F28DD8F9AEAC}.Release|Any CPU.ActiveCfg = Release|Any CPU
		{2DEADF63-7268-41E8-BFB5-F28DD8F9AEAC}.Release|Any CPU.Build.0 = Release|Any CPU
	EndGlobalSection
	GlobalSection(SolutionProperties) = preSolution
		HideSolutionNode = FALSE
	EndGlobalSection
	GlobalSection(ExtensibilityGlobals) = postSolution
		SolutionGuid = {EB2F5AD9-64ED-4BAC-969D-ECA048E79E20}
	EndGlobalSection
EndGlobal
